[[package]]
name = "alabaster"
version = "0.7.12"
description = "A configurable sidebar-enabled Sphinx theme"
category = "dev"
optional = false
python-versions = "*"

[[package]]
name = "argcomplete"
version = "2.0.0"
description = "Bash tab completion for argparse"
category = "main"
optional = false
python-versions = ">=3.6"

[package.extras]
test = ["coverage", "flake8", "pexpect", "wheel"]

[[package]]
name = "attrs"
version = "22.1.0"
description = "Classes Without Boilerplate"
category = "dev"
optional = false
python-versions = ">=3.5"

[package.extras]
dev = ["coverage[toml] (>=5.0.2)", "hypothesis", "pympler", "pytest (>=4.3.0)", "mypy (>=0.900,!=0.940)", "pytest-mypy-plugins", "zope.interface", "furo", "sphinx", "sphinx-notfound-page", "pre-commit", "cloudpickle"]
docs = ["furo", "sphinx", "zope.interface", "sphinx-notfound-page"]
tests = ["coverage[toml] (>=5.0.2)", "hypothesis", "pympler", "pytest (>=4.3.0)", "mypy (>=0.900,!=0.940)", "pytest-mypy-plugins", "zope.interface", "cloudpickle"]
tests_no_zope = ["coverage[toml] (>=5.0.2)", "hypothesis", "pympler", "pytest (>=4.3.0)", "mypy (>=0.900,!=0.940)", "pytest-mypy-plugins", "cloudpickle"]

[[package]]
name = "babel"
version = "2.11.0"
description = "Internationalization utilities"
category = "dev"
optional = false
python-versions = ">=3.6"

[package.dependencies]
pytz = ">=2015.7"

[[package]]
name = "bandit"
version = "1.7.4"
description = "Security oriented static analyser for python code."
category = "dev"
optional = false
python-versions = ">=3.7"

[package.dependencies]
colorama = {version = ">=0.3.9", markers = "platform_system == \"Windows\""}
GitPython = ">=1.0.1"
PyYAML = ">=5.3.1"
stevedore = ">=1.20.0"

[package.extras]
test = ["coverage (>=4.5.4)", "fixtures (>=3.0.0)", "flake8 (>=4.0.0)", "stestr (>=2.5.0)", "testscenarios (>=0.5.0)", "testtools (>=2.3.0)", "toml", "beautifulsoup4 (>=4.8.0)", "pylint (==1.9.4)"]
toml = ["toml"]
yaml = ["pyyaml"]

[[package]]
name = "beautifulsoup4"
version = "4.11.1"
description = "Screen-scraping library"
category = "dev"
optional = false
python-versions = ">=3.6.0"

[package.dependencies]
soupsieve = ">1.2"

[package.extras]
html5lib = ["html5lib"]
lxml = ["lxml"]

[[package]]
name = "black"
version = "22.10.0"
description = "The uncompromising code formatter."
category = "dev"
optional = false
python-versions = ">=3.7"

[package.dependencies]
click = ">=8.0.0"
mypy-extensions = ">=0.4.3"
pathspec = ">=0.9.0"
platformdirs = ">=2"
tomli = {version = ">=1.1.0", markers = "python_full_version < \"3.11.0a7\""}
typing-extensions = {version = ">=3.10.0.0", markers = "python_version < \"3.10\""}

[package.extras]
colorama = ["colorama (>=0.4.3)"]
d = ["aiohttp (>=3.7.4)"]
jupyter = ["ipython (>=7.8.0)", "tokenize-rt (>=3.2.0)"]
uvloop = ["uvloop (>=0.15.2)"]

[[package]]
name = "cachecontrol"
version = "0.12.12"
description = "httplib2 caching for requests"
category = "dev"
optional = false
python-versions = ">=3.6"

[package.dependencies]
filelock = {version = ">=3.8.0", optional = true, markers = "extra == \"filecache\""}
msgpack = ">=0.5.2"
requests = "*"

[package.extras]
filecache = ["filelock (>=3.8.0)"]
redis = ["redis (>=2.10.5)"]

[[package]]
name = "certifi"
version = "2022.9.24"
description = "Python package for providing Mozilla's CA Bundle."
category = "dev"
optional = false
python-versions = ">=3.6"

[[package]]
name = "cffi"
version = "1.15.1"
description = "Foreign Function Interface for Python calling C code."
category = "dev"
optional = false
python-versions = "*"

[package.dependencies]
pycparser = "*"

[[package]]
name = "cfgv"
version = "3.3.1"
description = "Validate configuration and produce human readable error messages."
category = "dev"
optional = false
python-versions = ">=3.6.1"

[[package]]
name = "charset-normalizer"
version = "2.1.1"
description = "The Real First Universal Charset Detector. Open, modern and actively maintained alternative to Chardet."
category = "dev"
optional = false
python-versions = ">=3.6.0"

[package.extras]
unicode_backport = ["unicodedata2"]

[[package]]
name = "cleo"
version = "2.0.1"
description = "Cleo allows you to create beautiful and testable command-line interfaces."
category = "dev"
optional = false
python-versions = ">=3.7,<4.0"

[package.dependencies]
crashtest = ">=0.4.1,<0.5.0"
rapidfuzz = ">=2.2.0,<3.0.0"

[[package]]
name = "click"
version = "8.1.3"
description = "Composable command line interface toolkit"
category = "dev"
optional = false
python-versions = ">=3.7"

[package.dependencies]
colorama = {version = "*", markers = "platform_system == \"Windows\""}

[[package]]
name = "colorama"
version = "0.4.6"
description = "Cross-platform colored terminal text."
category = "main"
optional = false
python-versions = "!=3.0.*,!=3.1.*,!=3.2.*,!=3.3.*,!=3.4.*,!=3.5.*,!=3.6.*,>=2.7"

[[package]]
name = "colorlog"
version = "6.7.0"
description = "Add colours to the output of Python's logging module."
category = "main"
optional = false
python-versions = ">=3.6"

[package.dependencies]
colorama = {version = "*", markers = "sys_platform == \"win32\""}

[package.extras]
development = ["black", "flake8", "mypy", "pytest", "types-colorama"]

[[package]]
name = "coverage"
version = "7.1.0"
description = "Code coverage measurement for Python"
category = "dev"
optional = false
python-versions = ">=3.7"

[package.dependencies]
tomli = {version = "*", optional = true, markers = "python_full_version <= \"3.11.0a6\" and extra == \"toml\""}

[package.extras]
toml = ["tomli"]

[[package]]
name = "crashtest"
version = "0.4.1"
description = "Manage Python errors with ease"
category = "dev"
optional = false
python-versions = ">=3.7,<4.0"

[[package]]
name = "cryptography"
version = "38.0.3"
description = "cryptography is a package which provides cryptographic recipes and primitives to Python developers."
category = "dev"
optional = false
python-versions = ">=3.6"

[package.dependencies]
cffi = ">=1.12"

[package.extras]
docs = ["sphinx (>=1.6.5,!=1.8.0,!=3.1.0,!=3.1.1)", "sphinx-rtd-theme"]
docstest = ["pyenchant (>=1.6.11)", "twine (>=1.12.0)", "sphinxcontrib-spelling (>=4.0.1)"]
pep8test = ["black", "flake8", "flake8-import-order", "pep8-naming"]
sdist = ["setuptools-rust (>=0.11.4)"]
ssh = ["bcrypt (>=3.1.5)"]
test = ["pytest (>=6.2.0)", "pytest-benchmark", "pytest-cov", "pytest-subtests", "pytest-xdist", "pretend", "iso8601", "pytz", "hypothesis (>=1.11.4,!=3.79.2)"]

[[package]]
name = "darglint"
version = "1.8.1"
description = "A utility for ensuring Google-style docstrings stay up to date with the source code."
category = "dev"
optional = false
python-versions = ">=3.6,<4.0"

[[package]]
name = "distlib"
version = "0.3.6"
description = "Distribution utilities"
category = "main"
optional = false
python-versions = "*"

[[package]]
name = "docutils"
version = "0.17.1"
description = "Docutils -- Python Documentation Utilities"
category = "dev"
optional = false
python-versions = ">=2.7, !=3.0.*, !=3.1.*, !=3.2.*, !=3.3.*, !=3.4.*"

[[package]]
name = "dparse"
version = "0.6.2"
description = "A parser for Python dependency files"
category = "dev"
optional = false
python-versions = ">=3.5"

[package.dependencies]
packaging = "*"
toml = "*"

[package.extras]
conda = ["pyyaml"]
pipenv = ["pipenv"]

[[package]]
name = "dulwich"
version = "0.20.50"
description = "Python Git Library"
category = "dev"
optional = false
python-versions = ">=3.6"

[package.dependencies]
urllib3 = ">=1.25"

[package.extras]
fastimport = ["fastimport"]
https = ["urllib3 (>=1.24.1)"]
paramiko = ["paramiko"]
pgp = ["gpg"]

[[package]]
name = "exceptiongroup"
version = "1.0.1"
description = "Backport of PEP 654 (exception groups)"
category = "dev"
optional = false
python-versions = ">=3.7"

[package.extras]
test = ["pytest (>=6)"]

[[package]]
name = "filelock"
version = "3.8.0"
description = "A platform independent file lock."
category = "main"
optional = false
python-versions = ">=3.7"

[package.extras]
docs = ["furo (>=2022.6.21)", "sphinx (>=5.1.1)", "sphinx-autodoc-typehints (>=1.19.1)"]
testing = ["covdefaults (>=2.2)", "coverage (>=6.4.2)", "pytest (>=7.1.2)", "pytest-cov (>=3)", "pytest-timeout (>=2.1)"]

[[package]]
name = "flake8"
version = "5.0.4"
description = "the modular source code checker: pep8 pyflakes and co"
category = "dev"
optional = false
python-versions = ">=3.6.1"

[package.dependencies]
mccabe = ">=0.7.0,<0.8.0"
pycodestyle = ">=2.9.0,<2.10.0"
pyflakes = ">=2.5.0,<2.6.0"

[[package]]
name = "flake8-bandit"
version = "4.1.1"
description = "Automated security testing with bandit and flake8."
category = "dev"
optional = false
python-versions = ">=3.6"

[package.dependencies]
bandit = ">=1.7.3"
flake8 = ">=5.0.0"

[[package]]
name = "flake8-bugbear"
version = "22.10.27"
description = "A plugin for flake8 finding likely bugs and design problems in your program. Contains warnings that don't belong in pyflakes and pycodestyle."
category = "dev"
optional = false
python-versions = ">=3.7"

[package.dependencies]
attrs = ">=19.2.0"
flake8 = ">=3.0.0"

[package.extras]
dev = ["tox", "coverage", "hypothesis", "hypothesmith (>=0.2)", "pre-commit"]

[[package]]
name = "flake8-docstrings"
version = "1.6.0"
description = "Extension for flake8 which uses pydocstyle to check docstrings"
category = "dev"
optional = false
python-versions = "*"

[package.dependencies]
flake8 = ">=3"
pydocstyle = ">=2.1"

[[package]]
name = "flake8-rst-docstrings"
version = "0.2.7"
description = "Python docstring reStructuredText (RST) validator"
category = "dev"
optional = false
python-versions = ">=3.7"

[package.dependencies]
flake8 = ">=3.0.0"
pygments = "*"
restructuredtext-lint = "*"

[[package]]
name = "furo"
version = "2022.9.29"
description = "A clean customisable Sphinx documentation theme."
category = "dev"
optional = false
python-versions = ">=3.7"

[package.dependencies]
beautifulsoup4 = "*"
pygments = ">=2.7"
sphinx = ">=4.0,<6.0"
sphinx-basic-ng = "*"

[[package]]
name = "gitdb"
version = "4.0.9"
description = "Git Object Database"
category = "dev"
optional = false
python-versions = ">=3.6"

[package.dependencies]
smmap = ">=3.0.1,<6"

[[package]]
name = "gitpython"
version = "3.1.29"
description = "GitPython is a python library used to interact with Git repositories"
category = "dev"
optional = false
python-versions = ">=3.7"

[package.dependencies]
gitdb = ">=4.0.1,<5"

[[package]]
name = "html5lib"
version = "1.1"
description = "HTML parser based on the WHATWG HTML specification"
category = "dev"
optional = false
python-versions = ">=2.7, !=3.0.*, !=3.1.*, !=3.2.*, !=3.3.*, !=3.4.*"

[package.dependencies]
six = ">=1.9"
webencodings = "*"

[package.extras]
all = ["genshi", "chardet (>=2.2)", "lxml"]
chardet = ["chardet (>=2.2)"]
genshi = ["genshi"]
lxml = ["lxml"]

[[package]]
name = "identify"
version = "2.5.8"
description = "File identification library for Python"
category = "dev"
optional = false
python-versions = ">=3.7"

[package.extras]
license = ["ukkonen"]

[[package]]
name = "idna"
version = "3.4"
description = "Internationalized Domain Names in Applications (IDNA)"
category = "dev"
optional = false
python-versions = ">=3.5"

[[package]]
name = "imagesize"
version = "1.4.1"
description = "Getting image size from png/jpeg/jpeg2000/gif file"
category = "dev"
optional = false
python-versions = ">=2.7, !=3.0.*, !=3.1.*, !=3.2.*, !=3.3.*"

[[package]]
name = "importlib-metadata"
version = "4.13.0"
description = "Read metadata from Python packages"
category = "dev"
optional = false
python-versions = ">=3.7"

[package.dependencies]
zipp = ">=0.5"

[package.extras]
docs = ["sphinx (>=3.5)", "jaraco.packaging (>=9)", "rst.linker (>=1.9)", "furo", "jaraco.tidelift (>=1.4)"]
perf = ["ipython"]
testing = ["pytest (>=6)", "pytest-checkdocs (>=2.4)", "pytest-flake8", "flake8 (<5)", "pytest-cov", "pytest-enabler (>=1.3)", "packaging", "pyfakefs", "flufl.flake8", "pytest-perf (>=0.9.2)", "pytest-black (>=0.3.7)", "pytest-mypy (>=0.9.1)", "importlib-resources (>=1.3)"]

[[package]]
name = "importlib-resources"
version = "5.10.2"
description = "Read resources from Python packages"
category = "dev"
optional = false
python-versions = ">=3.7"

[package.dependencies]
zipp = {version = ">=3.1.0", markers = "python_version < \"3.10\""}

[package.extras]
docs = ["sphinx (>=3.5)", "jaraco.packaging (>=9)", "rst.linker (>=1.9)", "furo", "sphinx-lint", "jaraco.tidelift (>=1.4)"]
testing = ["pytest (>=6)", "pytest-checkdocs (>=2.4)", "flake8 (<5)", "pytest-cov", "pytest-enabler (>=1.3)", "pytest-black (>=0.3.7)", "pytest-mypy (>=0.9.1)", "pytest-flake8"]

[[package]]
name = "iniconfig"
version = "1.1.1"
description = "iniconfig: brain-dead simple config-ini parsing"
category = "dev"
optional = false
python-versions = "*"

[[package]]
name = "isort"
version = "5.10.1"
description = "A Python utility / library to sort Python imports."
category = "dev"
optional = false
python-versions = ">=3.6.1,<4.0"

[package.extras]
pipfile_deprecated_finder = ["pipreqs", "requirementslib"]
requirements_deprecated_finder = ["pipreqs", "pip-api"]
colors = ["colorama (>=0.4.3,<0.5.0)"]
plugins = ["setuptools"]

[[package]]
name = "jaraco.classes"
version = "3.2.3"
description = "Utility functions for Python class constructs"
category = "dev"
optional = false
python-versions = ">=3.7"

[package.dependencies]
more-itertools = "*"

[package.extras]
docs = ["sphinx (>=3.5)", "jaraco.packaging (>=9)", "rst.linker (>=1.9)", "jaraco.tidelift (>=1.4)"]
testing = ["pytest (>=6)", "pytest-checkdocs (>=2.4)", "pytest-flake8", "flake8 (<5)", "pytest-cov", "pytest-enabler (>=1.3)", "pytest-black (>=0.3.7)", "pytest-mypy (>=0.9.1)"]

[[package]]
name = "jeepney"
version = "0.8.0"
description = "Low-level, pure Python DBus protocol wrapper."
category = "dev"
optional = false
python-versions = ">=3.7"

[package.extras]
test = ["pytest", "pytest-trio", "pytest-asyncio (>=0.17)", "testpath", "trio", "async-timeout"]
trio = ["trio", "async-generator"]

[[package]]
name = "jinja2"
version = "3.1.2"
description = "A very fast and expressive template engine."
category = "dev"
optional = false
python-versions = ">=3.7"

[package.dependencies]
MarkupSafe = ">=2.0"

[package.extras]
i18n = ["Babel (>=2.7)"]

[[package]]
name = "jsonschema"
version = "4.17.3"
description = "An implementation of JSON Schema validation for Python"
category = "dev"
optional = false
python-versions = ">=3.7"

[package.dependencies]
attrs = ">=17.4.0"
importlib-resources = {version = ">=1.4.0", markers = "python_version < \"3.9\""}
pkgutil-resolve-name = {version = ">=1.3.10", markers = "python_version < \"3.9\""}
pyrsistent = ">=0.14.0,<0.17.0 || >0.17.0,<0.17.1 || >0.17.1,<0.17.2 || >0.17.2"

[package.extras]
format = ["fqdn", "idna", "isoduration", "jsonpointer (>1.13)", "rfc3339-validator", "rfc3987", "uri-template", "webcolors (>=1.11)"]
format-nongpl = ["fqdn", "idna", "isoduration", "jsonpointer (>1.13)", "rfc3339-validator", "rfc3986-validator (>0.1.0)", "uri-template", "webcolors (>=1.11)"]

[[package]]
name = "keyring"
version = "23.13.1"
description = "Store and access your passwords safely."
category = "dev"
optional = false
python-versions = ">=3.7"

[package.dependencies]
importlib-metadata = {version = ">=4.11.4", markers = "python_version < \"3.12\""}
importlib-resources = {version = "*", markers = "python_version < \"3.9\""}
"jaraco.classes" = "*"
jeepney = {version = ">=0.4.2", markers = "sys_platform == \"linux\""}
pywin32-ctypes = {version = ">=0.2.0", markers = "sys_platform == \"win32\""}
SecretStorage = {version = ">=3.2", markers = "sys_platform == \"linux\""}

[package.extras]
completion = ["shtab"]
docs = ["sphinx (>=3.5)", "jaraco.packaging (>=9)", "rst.linker (>=1.9)", "furo", "jaraco.tidelift (>=1.4)"]
testing = ["pytest (>=6)", "pytest-checkdocs (>=2.4)", "flake8 (<5)", "pytest-cov", "pytest-enabler (>=1.3)", "pytest-black (>=0.3.7)", "pytest-mypy (>=0.9.1)", "pytest-flake8"]

[[package]]
name = "livereload"
version = "2.6.3"
description = "Python LiveReload is an awesome tool for web developers"
category = "dev"
optional = false
python-versions = "*"

[package.dependencies]
six = "*"
tornado = {version = "*", markers = "python_version > \"2.7\""}

[[package]]
name = "lockfile"
version = "0.12.2"
description = "Platform-independent file locking module"
category = "dev"
optional = false
python-versions = "*"

[[package]]
name = "markdown-it-py"
version = "2.1.0"
description = "Python port of markdown-it. Markdown parsing, done right!"
category = "dev"
optional = false
python-versions = ">=3.7"

[package.dependencies]
mdurl = ">=0.1,<1.0"

[package.extras]
benchmarking = ["psutil", "pytest", "pytest-benchmark (>=3.2,<4.0)"]
code_style = ["pre-commit (==2.6)"]
compare = ["commonmark (>=0.9.1,<0.10.0)", "markdown (>=3.3.6,<3.4.0)", "mistletoe (>=0.8.1,<0.9.0)", "mistune (>=2.0.2,<2.1.0)", "panflute (>=2.1.3,<2.2.0)"]
linkify = ["linkify-it-py (>=1.0,<2.0)"]
plugins = ["mdit-py-plugins"]
profiling = ["gprof2dot"]
rtd = ["attrs", "myst-parser", "pyyaml", "sphinx", "sphinx-copybutton", "sphinx-design", "sphinx-book-theme"]
testing = ["coverage", "pytest", "pytest-cov", "pytest-regressions"]

[[package]]
name = "markupsafe"
version = "2.1.1"
description = "Safely add untrusted strings to HTML/XML markup."
category = "dev"
optional = false
python-versions = ">=3.7"

[[package]]
name = "mccabe"
version = "0.7.0"
description = "McCabe checker, plugin for flake8"
category = "dev"
optional = false
python-versions = ">=3.6"

[[package]]
name = "mdit-py-plugins"
version = "0.3.1"
description = "Collection of plugins for markdown-it-py"
category = "dev"
optional = false
python-versions = ">=3.7"

[package.dependencies]
markdown-it-py = ">=1.0.0,<3.0.0"

[package.extras]
code_style = ["pre-commit"]
rtd = ["attrs", "myst-parser (>=0.16.1,<0.17.0)", "sphinx-book-theme (>=0.1.0,<0.2.0)"]
testing = ["coverage", "pytest", "pytest-cov", "pytest-regressions"]

[[package]]
name = "mdurl"
version = "0.1.2"
description = "Markdown URL utilities"
category = "dev"
optional = false
python-versions = ">=3.7"

[[package]]
name = "more-itertools"
version = "9.0.0"
description = "More routines for operating on iterables, beyond itertools"
category = "dev"
optional = false
python-versions = ">=3.7"

[[package]]
name = "msgpack"
version = "1.0.4"
description = "MessagePack serializer"
category = "dev"
optional = false
python-versions = "*"

[[package]]
name = "mypy"
version = "0.990"
description = "Optional static typing for Python"
category = "dev"
optional = false
python-versions = ">=3.7"

[package.dependencies]
mypy-extensions = ">=0.4.3"
tomli = {version = ">=1.1.0", markers = "python_version < \"3.11\""}
typing-extensions = ">=3.10"

[package.extras]
dmypy = ["psutil (>=4.0)"]
install-types = ["pip"]
python2 = ["typed-ast (>=1.4.0,<2)"]
reports = ["lxml"]

[[package]]
name = "mypy-extensions"
version = "0.4.3"
description = "Experimental type system extensions for programs checked with the mypy typechecker."
category = "dev"
optional = false
python-versions = "*"

[[package]]
name = "myst-parser"
version = "0.18.1"
description = "An extended commonmark compliant parser, with bridges to docutils & sphinx."
category = "dev"
optional = false
python-versions = ">=3.7"

[package.dependencies]
docutils = ">=0.15,<0.20"
jinja2 = "*"
markdown-it-py = ">=1.0.0,<3.0.0"
mdit-py-plugins = ">=0.3.1,<0.4.0"
pyyaml = "*"
sphinx = ">=4,<6"
typing-extensions = "*"

[package.extras]
code_style = ["pre-commit (>=2.12,<3.0)"]
linkify = ["linkify-it-py (>=1.0,<2.0)"]
rtd = ["ipython", "sphinx-book-theme", "sphinx-design", "sphinxext-rediraffe (>=0.2.7,<0.3.0)", "sphinxcontrib.mermaid (>=0.7.1,<0.8.0)", "sphinxext-opengraph (>=0.6.3,<0.7.0)"]
testing = ["beautifulsoup4", "coverage", "pytest (>=6,<7)", "pytest-cov", "pytest-regressions", "pytest-param-files (>=0.3.4,<0.4.0)", "sphinx-pytest", "sphinx (<5.2)"]

[[package]]
name = "nodeenv"
version = "1.7.0"
description = "Node.js virtual environment builder"
category = "dev"
optional = false
python-versions = ">=2.7,!=3.0.*,!=3.1.*,!=3.2.*,!=3.3.*,!=3.4.*,!=3.5.*,!=3.6.*"

[[package]]
name = "nox"
version = "2022.8.7"
description = "Flexible test automation."
category = "main"
optional = false
python-versions = ">=3.7"

[package.dependencies]
argcomplete = ">=1.9.4,<3.0"
colorlog = ">=2.6.1,<7.0.0"
packaging = ">=20.9"
py = ">=1.4,<2.0.0"
virtualenv = ">=14"

[package.extras]
tox_to_nox = ["jinja2", "tox"]

[[package]]
name = "packaging"
version = "20.9"
description = "Core utilities for Python packages"
category = "main"
optional = false
python-versions = ">=2.7, !=3.0.*, !=3.1.*, !=3.2.*, !=3.3.*"

[package.dependencies]
pyparsing = ">=2.0.2"

[[package]]
name = "pathspec"
version = "0.10.1"
description = "Utility library for gitignore style pattern matching of file paths."
category = "dev"
optional = false
python-versions = ">=3.7"

[[package]]
name = "pbr"
version = "5.11.0"
description = "Python Build Reasonableness"
category = "dev"
optional = false
python-versions = ">=2.6"

[[package]]
name = "pep8-naming"
version = "0.13.2"
description = "Check PEP-8 naming conventions, plugin for flake8"
category = "dev"
optional = false
python-versions = ">=3.7"

[package.dependencies]
flake8 = ">=3.9.1"

[[package]]
name = "pexpect"
version = "4.8.0"
description = "Pexpect allows easy control of interactive console applications."
category = "dev"
optional = false
python-versions = "*"

[package.dependencies]
ptyprocess = ">=0.5"

[[package]]
name = "pkginfo"
version = "1.8.3"
description = "Query metadatdata from sdists / bdists / installed packages."
category = "dev"
optional = false
python-versions = ">=2.7, !=3.0.*, !=3.1.*, !=3.2.*, !=3.3.*, !=3.4.*, !=3.5.*"

[package.extras]
testing = ["coverage", "nose"]

[[package]]
name = "pkgutil-resolve-name"
version = "1.3.10"
description = "Resolve a name to an object."
category = "dev"
optional = false
python-versions = ">=3.6"

[[package]]
name = "platformdirs"
version = "2.5.3"
description = "A small Python package for determining appropriate platform-specific dirs, e.g. a \"user data dir\"."
category = "main"
optional = false
python-versions = ">=3.7"

[package.extras]
docs = ["furo (>=2022.9.29)", "proselint (>=0.13)", "sphinx-autodoc-typehints (>=1.19.4)", "sphinx (>=5.3)"]
test = ["appdirs (==1.4.4)", "pytest-cov (>=4)", "pytest-mock (>=3.10)", "pytest (>=7.2)"]

[[package]]
name = "pluggy"
version = "1.0.0"
description = "plugin and hook calling mechanisms for python"
category = "dev"
optional = false
python-versions = ">=3.6"

[package.extras]
dev = ["pre-commit", "tox"]
testing = ["pytest", "pytest-benchmark"]

[[package]]
name = "poetry"
version = "1.3.2"
description = "Python dependency management and packaging made easy."
category = "dev"
optional = false
python-versions = ">=3.7,<4.0"

[package.dependencies]
cachecontrol = {version = ">=0.12.9,<0.13.0", extras = ["filecache"]}
cleo = ">=2.0.0,<3.0.0"
crashtest = ">=0.4.1,<0.5.0"
dulwich = ">=0.20.46,<0.21.0"
filelock = ">=3.8.0,<4.0.0"
html5lib = ">=1.0,<2.0"
importlib-metadata = {version = ">=4.4,<5.0", markers = "python_version < \"3.10\""}
jsonschema = ">=4.10.0,<5.0.0"
keyring = ">=23.9.0,<24.0.0"
lockfile = ">=0.12.2,<0.13.0"
packaging = ">=20.4"
pexpect = ">=4.7.0,<5.0.0"
pkginfo = ">=1.5,<2.0"
platformdirs = ">=2.5.2,<3.0.0"
poetry-core = "1.4.0"
poetry-plugin-export = ">=1.2.0,<2.0.0"
requests = ">=2.18,<3.0"
requests-toolbelt = ">=0.9.1,<0.11.0"
shellingham = ">=1.5,<2.0"
tomli = {version = ">=2.0.1,<3.0.0", markers = "python_version < \"3.11\""}
tomlkit = ">=0.11.1,<0.11.2 || >0.11.2,<0.11.3 || >0.11.3,<1.0.0"
trove-classifiers = ">=2022.5.19"
urllib3 = ">=1.26.0,<2.0.0"
virtualenv = [
    {version = ">=20.4.3,<20.4.5 || >20.4.5,<20.4.6 || >20.4.6,<21.0.0", markers = "sys_platform != \"win32\" or python_version != \"3.9\""},
    {version = ">=20.4.3,<20.4.5 || >20.4.5,<20.4.6 || >20.4.6,<20.16.6", markers = "sys_platform == \"win32\" and python_version == \"3.9\""},
]
xattr = {version = ">=0.10.0,<0.11.0", markers = "sys_platform == \"darwin\""}

[[package]]
name = "poetry-core"
version = "1.4.0"
description = "Poetry PEP 517 Build Backend"
category = "dev"
optional = false
python-versions = ">=3.7,<4.0"

[[package]]
name = "poetry-plugin-export"
version = "1.3.0"
description = "Poetry plugin to export the dependencies to various formats"
category = "dev"
optional = false
python-versions = ">=3.7,<4.0"

[package.dependencies]
poetry = ">=1.3.0,<2.0.0"
poetry-core = ">=1.3.0,<2.0.0"

[[package]]
name = "pre-commit"
version = "2.20.0"
description = "A framework for managing and maintaining multi-language pre-commit hooks."
category = "dev"
optional = false
python-versions = ">=3.7"

[package.dependencies]
cfgv = ">=2.0.0"
identify = ">=1.0.0"
nodeenv = ">=0.11.1"
pyyaml = ">=5.1"
toml = "*"
virtualenv = ">=20.0.8"

[[package]]
name = "pre-commit-hooks"
version = "4.3.0"
description = "Some out-of-the-box hooks for pre-commit."
category = "dev"
optional = false
python-versions = ">=3.7"

[package.dependencies]
"ruamel.yaml" = ">=0.15"
tomli = {version = ">=1.1.0", markers = "python_version < \"3.11\""}

[[package]]
name = "ptyprocess"
version = "0.7.0"
description = "Run a subprocess in a pseudo terminal"
category = "dev"
optional = false
python-versions = "*"

[[package]]
name = "py"
version = "1.11.0"
description = "library with cross-python path, ini-parsing, io, code, log facilities"
category = "main"
optional = false
python-versions = ">=2.7, !=3.0.*, !=3.1.*, !=3.2.*, !=3.3.*, !=3.4.*"

[[package]]
name = "pycodestyle"
version = "2.9.1"
description = "Python style guide checker"
category = "dev"
optional = false
python-versions = ">=3.6"

[[package]]
name = "pycparser"
version = "2.21"
description = "C parser in Python"
category = "dev"
optional = false
python-versions = ">=2.7, !=3.0.*, !=3.1.*, !=3.2.*, !=3.3.*"

[[package]]
name = "pydocstyle"
version = "6.1.1"
description = "Python docstring style checker"
category = "dev"
optional = false
python-versions = ">=3.6"

[package.dependencies]
snowballstemmer = "*"

[package.extras]
toml = ["toml"]

[[package]]
name = "pyflakes"
version = "2.5.0"
description = "passive checker of Python programs"
category = "dev"
optional = false
python-versions = ">=3.6"

[[package]]
name = "pygments"
version = "2.13.0"
description = "Pygments is a syntax highlighting package written in Python."
category = "dev"
optional = false
python-versions = ">=3.6"

[package.extras]
plugins = ["importlib-metadata"]

[[package]]
name = "pyparsing"
version = "3.0.9"
description = "pyparsing module - Classes and methods to define and execute parsing grammars"
category = "main"
optional = false
python-versions = ">=3.6.8"

[package.extras]
diagrams = ["railroad-diagrams", "jinja2"]

[[package]]
name = "pyrsistent"
version = "0.19.3"
description = "Persistent/Functional/Immutable data structures"
category = "dev"
optional = false
python-versions = ">=3.7"

[[package]]
name = "pytest"
version = "7.2.0"
description = "pytest: simple powerful testing with Python"
category = "dev"
optional = false
python-versions = ">=3.7"

[package.dependencies]
attrs = ">=19.2.0"
colorama = {version = "*", markers = "sys_platform == \"win32\""}
exceptiongroup = {version = ">=1.0.0rc8", markers = "python_version < \"3.11\""}
iniconfig = "*"
packaging = "*"
pluggy = ">=0.12,<2.0"
tomli = {version = ">=1.0.0", markers = "python_version < \"3.11\""}

[package.extras]
testing = ["argcomplete", "hypothesis (>=3.56)", "mock", "nose", "pygments (>=2.7.2)", "requests", "xmlschema"]

[[package]]
name = "pytest-datadir"
version = "1.4.1"
description = "pytest plugin for test data directories and files"
category = "dev"
optional = false
python-versions = ">=3.6"

[package.dependencies]
pytest = ">=5.0"

[[package]]
name = "pytz"
version = "2022.6"
description = "World timezone definitions, modern and historical"
category = "dev"
optional = false
python-versions = "*"

[[package]]
name = "pyupgrade"
version = "3.2.0"
description = "A tool to automatically upgrade syntax for newer versions."
category = "dev"
optional = false
python-versions = ">=3.7"

[package.dependencies]
tokenize-rt = ">=3.2.0"

[[package]]
name = "pywin32-ctypes"
version = "0.2.0"
description = ""
category = "dev"
optional = false
python-versions = "*"

[[package]]
name = "pyyaml"
version = "6.0"
description = "YAML parser and emitter for Python"
category = "dev"
optional = false
python-versions = ">=3.6"

[[package]]
name = "rapidfuzz"
version = "2.13.7"
description = "rapid fuzzy string matching"
category = "dev"
optional = false
python-versions = ">=3.7"

[package.extras]
full = ["numpy"]

[[package]]
name = "requests"
version = "2.28.1"
description = "Python HTTP for Humans."
category = "dev"
optional = false
python-versions = ">=3.7, <4"

[package.dependencies]
certifi = ">=2017.4.17"
charset-normalizer = ">=2,<3"
idna = ">=2.5,<4"
urllib3 = ">=1.21.1,<1.27"

[package.extras]
socks = ["PySocks (>=1.5.6,!=1.5.7)"]
use_chardet_on_py3 = ["chardet (>=3.0.2,<6)"]

[[package]]
name = "requests-toolbelt"
version = "0.9.1"
description = "A utility belt for advanced users of python-requests"
category = "dev"
optional = false
python-versions = "*"

[package.dependencies]
requests = ">=2.0.1,<3.0.0"

[[package]]
name = "restructuredtext-lint"
version = "1.4.0"
description = "reStructuredText linter"
category = "dev"
optional = false
python-versions = "*"

[package.dependencies]
docutils = ">=0.11,<1.0"

[[package]]
name = "ruamel.yaml"
version = "0.17.21"
description = "ruamel.yaml is a YAML parser/emitter that supports roundtrip preservation of comments, seq/map flow style, and map key order"
category = "dev"
optional = false
python-versions = ">=3"

[package.dependencies]
"ruamel.yaml.clib" = {version = ">=0.2.6", markers = "platform_python_implementation == \"CPython\" and python_version < \"3.11\""}

[package.extras]
docs = ["ryd"]
jinja2 = ["ruamel.yaml.jinja2 (>=0.2)"]

[[package]]
name = "ruamel.yaml.clib"
version = "0.2.7"
description = "C version of reader, parser and emitter for ruamel.yaml derived from libyaml"
category = "dev"
optional = false
python-versions = ">=3.5"

[[package]]
name = "safety"
version = "1.10.3"
description = "Checks installed dependencies for known vulnerabilities."
category = "dev"
optional = false
python-versions = ">=3.5"

[package.dependencies]
Click = ">=6.0"
dparse = ">=0.5.1"
packaging = "*"
requests = "*"

[[package]]
name = "secretstorage"
version = "3.3.3"
description = "Python bindings to FreeDesktop.org Secret Service API"
category = "dev"
optional = false
python-versions = ">=3.6"

[package.dependencies]
cryptography = ">=2.0"
jeepney = ">=0.6"

[[package]]
name = "shellingham"
version = "1.5.0"
description = "Tool to Detect Surrounding Shell"
category = "dev"
optional = false
python-versions = ">=3.4"

[[package]]
name = "six"
version = "1.16.0"
description = "Python 2 and 3 compatibility utilities"
category = "dev"
optional = false
python-versions = ">=2.7, !=3.0.*, !=3.1.*, !=3.2.*"

[[package]]
name = "smmap"
version = "5.0.0"
description = "A pure Python implementation of a sliding window memory map manager"
category = "dev"
optional = false
python-versions = ">=3.6"

[[package]]
name = "snowballstemmer"
version = "2.2.0"
description = "This package provides 29 stemmers for 28 languages generated from Snowball algorithms."
category = "dev"
optional = false
python-versions = "*"

[[package]]
name = "soupsieve"
version = "2.3.2.post1"
description = "A modern CSS selector implementation for Beautiful Soup."
category = "dev"
optional = false
python-versions = ">=3.6"

[[package]]
name = "sphinx"
version = "4.3.2"
description = "Python documentation generator"
category = "dev"
optional = false
python-versions = ">=3.6"

[package.dependencies]
alabaster = ">=0.7,<0.8"
babel = ">=1.3"
colorama = {version = ">=0.3.5", markers = "sys_platform == \"win32\""}
docutils = ">=0.14,<0.18"
imagesize = "*"
Jinja2 = ">=2.3"
packaging = "*"
Pygments = ">=2.0"
requests = ">=2.5.0"
snowballstemmer = ">=1.1"
sphinxcontrib-applehelp = "*"
sphinxcontrib-devhelp = "*"
sphinxcontrib-htmlhelp = ">=2.0.0"
sphinxcontrib-jsmath = "*"
sphinxcontrib-qthelp = "*"
sphinxcontrib-serializinghtml = ">=1.1.5"

[package.extras]
docs = ["sphinxcontrib-websupport"]
lint = ["flake8 (>=3.5.0)", "isort", "mypy (>=0.920)", "docutils-stubs", "types-typed-ast", "types-pkg-resources", "types-requests"]
test = ["pytest", "pytest-cov", "html5lib", "cython", "typed-ast"]

[[package]]
name = "sphinx-autobuild"
version = "2021.3.14"
description = "Rebuild Sphinx documentation on changes, with live-reload in the browser."
category = "dev"
optional = false
python-versions = ">=3.6"

[package.dependencies]
colorama = "*"
livereload = "*"
sphinx = "*"

[package.extras]
test = ["pytest", "pytest-cov"]

[[package]]
name = "sphinx-basic-ng"
version = "1.0.0b1"
description = "A modern skeleton for Sphinx themes."
category = "dev"
optional = false
python-versions = ">=3.7"

[package.dependencies]
sphinx = ">=4.0"

[package.extras]
docs = ["furo", "myst-parser", "sphinx-copybutton", "sphinx-inline-tabs", "ipython"]

[[package]]
name = "sphinxcontrib-applehelp"
version = "1.0.2"
description = "sphinxcontrib-applehelp is a sphinx extension which outputs Apple help books"
category = "dev"
optional = false
python-versions = ">=3.5"

[package.extras]
lint = ["flake8", "mypy", "docutils-stubs"]
test = ["pytest"]

[[package]]
name = "sphinxcontrib-devhelp"
version = "1.0.2"
description = "sphinxcontrib-devhelp is a sphinx extension which outputs Devhelp document."
category = "dev"
optional = false
python-versions = ">=3.5"

[package.extras]
lint = ["flake8", "mypy", "docutils-stubs"]
test = ["pytest"]

[[package]]
name = "sphinxcontrib-htmlhelp"
version = "2.0.0"
description = "sphinxcontrib-htmlhelp is a sphinx extension which renders HTML help files"
category = "dev"
optional = false
python-versions = ">=3.6"

[package.extras]
lint = ["flake8", "mypy", "docutils-stubs"]
test = ["pytest", "html5lib"]

[[package]]
name = "sphinxcontrib-jsmath"
version = "1.0.1"
description = "A sphinx extension which renders display math in HTML via JavaScript"
category = "dev"
optional = false
python-versions = ">=3.5"

[package.extras]
test = ["pytest", "flake8", "mypy"]

[[package]]
name = "sphinxcontrib-qthelp"
version = "1.0.3"
description = "sphinxcontrib-qthelp is a sphinx extension which outputs QtHelp document."
category = "dev"
optional = false
python-versions = ">=3.5"

[package.extras]
lint = ["flake8", "mypy", "docutils-stubs"]
test = ["pytest"]

[[package]]
name = "sphinxcontrib-serializinghtml"
version = "1.1.5"
description = "sphinxcontrib-serializinghtml is a sphinx extension which outputs \"serialized\" HTML files (json and pickle)."
category = "dev"
optional = false
python-versions = ">=3.5"

[package.extras]
lint = ["flake8", "mypy", "docutils-stubs"]
test = ["pytest"]

[[package]]
name = "stevedore"
version = "3.5.2"
description = "Manage dynamic plugins for Python applications"
category = "dev"
optional = false
python-versions = ">=3.6"

[package.dependencies]
pbr = ">=2.0.0,<2.1.0 || >2.1.0"

[[package]]
name = "tokenize-rt"
version = "5.0.0"
description = "A wrapper around the stdlib `tokenize` which roundtrips."
category = "dev"
optional = false
python-versions = ">=3.7"

[[package]]
name = "toml"
version = "0.10.2"
description = "Python Library for Tom's Obvious, Minimal Language"
category = "dev"
optional = false
python-versions = ">=2.6, !=3.0.*, !=3.1.*, !=3.2.*"

[[package]]
name = "tomli"
version = "2.0.1"
description = "A lil' TOML parser"
category = "dev"
optional = false
python-versions = ">=3.7"

[[package]]
name = "tomlkit"
version = "0.11.6"
description = "Style preserving TOML library"
category = "main"
optional = false
python-versions = ">=3.6"

[[package]]
name = "tornado"
version = "6.2"
description = "Tornado is a Python web framework and asynchronous networking library, originally developed at FriendFeed."
category = "dev"
optional = false
python-versions = ">= 3.7"

[[package]]
name = "trove-classifiers"
version = "2023.1.20"
description = "Canonical source for classifiers on PyPI (pypi.org)."
category = "dev"
optional = false
python-versions = "*"

[[package]]
name = "typeguard"
version = "2.13.3"
description = "Run-time type checker for Python"
category = "dev"
optional = false
python-versions = ">=3.5.3"

[package.extras]
doc = ["sphinx-rtd-theme", "sphinx-autodoc-typehints (>=1.2.0)"]
test = ["pytest", "typing-extensions", "mypy"]

[[package]]
name = "typing-extensions"
version = "4.4.0"
description = "Backported and Experimental Type Hints for Python 3.7+"
category = "dev"
optional = false
python-versions = ">=3.7"

[[package]]
name = "urllib3"
version = "1.26.12"
description = "HTTP library with thread-safe connection pooling, file post, and more."
category = "dev"
optional = false
python-versions = ">=2.7, !=3.0.*, !=3.1.*, !=3.2.*, !=3.3.*, !=3.4.*, !=3.5.*, <4"

[package.extras]
brotli = ["brotlicffi (>=0.8.0)", "brotli (>=1.0.9)", "brotlipy (>=0.6.0)"]
secure = ["pyOpenSSL (>=0.14)", "cryptography (>=1.3.4)", "idna (>=2.0.0)", "certifi", "urllib3-secure-extra", "ipaddress"]
socks = ["PySocks (>=1.5.6,!=1.5.7,<2.0)"]

[[package]]
name = "virtualenv"
version = "20.16.2"
description = "Virtual Python Environment builder"
category = "main"
optional = false
python-versions = ">=3.6"

[package.dependencies]
distlib = ">=0.3.1,<1"
filelock = ">=3.2,<4"
platformdirs = ">=2,<3"

[package.extras]
docs = ["proselint (>=0.10.2)", "sphinx (>=3)", "sphinx-argparse (>=0.2.5)", "sphinx-rtd-theme (>=0.4.3)", "towncrier (>=21.3)"]
testing = ["coverage (>=4)", "coverage-enable-subprocess (>=1)", "flaky (>=3)", "packaging (>=20.0)", "pytest (>=4)", "pytest-env (>=0.6.2)", "pytest-freezegun (>=0.4.1)", "pytest-mock (>=2)", "pytest-randomly (>=1)", "pytest-timeout (>=1)"]

[[package]]
name = "webencodings"
version = "0.5.1"
description = "Character encoding aliases for legacy web content"
category = "dev"
optional = false
python-versions = "*"

[[package]]
name = "xattr"
version = "0.10.1"
description = "Python wrapper for extended filesystem attributes"
category = "dev"
optional = false
python-versions = "*"

[package.dependencies]
cffi = ">=1.0"

[[package]]
name = "xdoctest"
version = "1.1.1"
description = "A rewrite of the builtin doctest module"
category = "dev"
optional = false
python-versions = ">=3.6"

[package.dependencies]
colorama = {version = "*", optional = true, markers = "platform_system == \"Windows\" and extra == \"colors\""}
Pygments = {version = "*", optional = true, markers = "python_version >= \"3.5.0\" and extra == \"colors\""}
six = "*"

[package.extras]
all = ["codecov", "pyflakes", "six", "colorama", "debugpy", "pytest", "tomli", "pygments", "jupyter-client", "ipython", "debugpy", "ipykernel", "pytest", "debugpy", "debugpy", "typing", "debugpy", "ipython-genutils", "pytest", "pygments", "attrs", "jedi", "jupyter-core", "jinja2", "pytest-cov", "nbconvert", "jupyter-client", "ipython", "ipykernel"]
all-strict = ["codecov (==2.0.15)", "pyflakes (==2.2.0)", "six (==1.11.0)", "colorama (==0.4.1)", "debugpy (==1.3.0)", "pytest (==4.6.0)", "tomli (==0.2.0)", "Pygments (==2.0.0)", "jupyter-client (==6.1.5)", "IPython (==7.10.0)", "debugpy (==1.0.0)", "ipykernel (==5.2.0)", "pytest (==4.6.0)", "debugpy (==1.0.0)", "debugpy (==1.0.0)", "typing (==3.7.4)", "debugpy (==1.6.0)", "ipython-genutils (==0.2.0)", "pytest (==6.2.5)", "Pygments (==2.4.1)", "attrs (==19.2.0)", "jedi (==0.16)", "jupyter-core (==4.7.0)", "jinja2 (==3.0.0)", "pytest-cov (==3.0.0)", "nbconvert (==6.0.0)", "jupyter-client (==7.0.0)", "IPython (==7.23.1)", "ipykernel (==6.0.0)"]
colors = ["colorama", "pygments", "pygments"]
jupyter = ["debugpy", "jupyter-client", "ipython", "debugpy", "ipykernel", "debugpy", "debugpy", "debugpy", "ipython-genutils", "attrs", "jedi", "jupyter-core", "jinja2", "nbconvert", "jupyter-client", "ipython", "ipykernel"]
optional = ["pyflakes", "colorama", "debugpy", "tomli", "pygments", "jupyter-client", "ipython", "debugpy", "ipykernel", "debugpy", "debugpy", "debugpy", "ipython-genutils", "pygments", "attrs", "jedi", "jupyter-core", "jinja2", "nbconvert", "jupyter-client", "ipython", "ipykernel"]
optional-strict = ["pyflakes (==2.2.0)", "colorama (==0.4.1)", "debugpy (==1.3.0)", "tomli (==0.2.0)", "Pygments (==2.0.0)", "jupyter-client (==6.1.5)", "IPython (==7.10.0)", "debugpy (==1.0.0)", "ipykernel (==5.2.0)", "debugpy (==1.0.0)", "debugpy (==1.0.0)", "debugpy (==1.6.0)", "ipython-genutils (==0.2.0)", "Pygments (==2.4.1)", "attrs (==19.2.0)", "jedi (==0.16)", "jupyter-core (==4.7.0)", "jinja2 (==3.0.0)", "nbconvert (==6.0.0)", "jupyter-client (==7.0.0)", "IPython (==7.23.1)", "ipykernel (==6.0.0)"]
runtime-strict = ["six (==1.11.0)"]
tests = ["codecov", "pytest", "pytest", "typing", "pytest", "pytest-cov"]
tests-binary-strict = ["cmake (==3.21.2)", "ninja (==1.10.2)", "pybind11 (==2.7.1)", "scikit-build (==0.11.1)", "cmake (==3.25.0)", "ninja (==1.11.1)", "pybind11 (==2.10.3)", "scikit-build (==0.16.1)"]
tests-binary = ["cmake", "ninja", "pybind11", "scikit-build", "cmake", "ninja", "pybind11", "scikit-build"]
tests-strict = ["codecov (==2.0.15)", "pytest (==4.6.0)", "pytest (==4.6.0)", "typing (==3.7.4)", "pytest (==6.2.5)", "pytest-cov (==3.0.0)"]

[[package]]
name = "zipp"
version = "3.10.0"
description = "Backport of pathlib-compatible object wrapper for zip files"
category = "dev"
optional = false
python-versions = ">=3.7"

[package.extras]
docs = ["sphinx (>=3.5)", "jaraco.packaging (>=9)", "rst.linker (>=1.9)", "furo", "jaraco.tidelift (>=1.4)"]
testing = ["pytest (>=6)", "pytest-checkdocs (>=2.4)", "pytest-flake8", "flake8 (<5)", "pytest-cov", "pytest-enabler (>=1.3)", "jaraco.itertools", "func-timeout", "jaraco.functools", "more-itertools", "pytest-black (>=0.3.7)", "pytest-mypy (>=0.9.1)"]

[metadata]
lock-version = "1.1"
python-versions = "^3.8.1"
content-hash = "8b0b31ea1bbdfe3ff222aa82c0abb0da8f7c68aa028c95d8e3cd7594490a2cd8"

[metadata.files]
alabaster = []
argcomplete = []
attrs = []
babel = []
bandit = []
beautifulsoup4 = []
black = []
cachecontrol = []
certifi = []
cffi = []
cfgv = []
charset-normalizer = []
cleo = []
click = []
colorama = []
colorlog = []
coverage = []
crashtest = []
cryptography = []
darglint = []
distlib = []
docutils = []
dparse = []
dulwich = []
exceptiongroup = []
filelock = []
flake8 = []
flake8-bandit = []
flake8-bugbear = []
flake8-docstrings = []
flake8-rst-docstrings = []
furo = []
gitdb = []
gitpython = []
html5lib = []
identify = []
idna = []
imagesize = []
importlib-metadata = []
importlib-resources = []
iniconfig = []
isort = []
"jaraco.classes" = []
jeepney = []
jinja2 = []
jsonschema = []
keyring = []
livereload = []
lockfile = []
markdown-it-py = []
markupsafe = []
mccabe = []
mdit-py-plugins = []
mdurl = []
more-itertools = []
msgpack = []
mypy = []
mypy-extensions = []
myst-parser = []
nodeenv = []
nox = []
packaging = []
pathspec = []
pbr = []
pep8-naming = []
pexpect = []
pkginfo = []
pkgutil-resolve-name = []
platformdirs = []
pluggy = []
poetry = []
poetry-core = []
poetry-plugin-export = []
pre-commit = []
pre-commit-hooks = []
ptyprocess = []
py = []
pycodestyle = []
pycparser = []
pydocstyle = []
pyflakes = []
pygments = []
pyparsing = []
pyrsistent = []
pytest = []
pytest-datadir = []
pytz = []
pyupgrade = []
pywin32-ctypes = []
pyyaml = []
rapidfuzz = []
requests = []
requests-toolbelt = []
restructuredtext-lint = []
"ruamel.yaml" = []
"ruamel.yaml.clib" = []
safety = []
secretstorage = []
shellingham = []
six = []
smmap = []
snowballstemmer = []
soupsieve = []
sphinx = []
sphinx-autobuild = []
sphinx-basic-ng = []
sphinxcontrib-applehelp = []
sphinxcontrib-devhelp = []
sphinxcontrib-htmlhelp = []
sphinxcontrib-jsmath = []
sphinxcontrib-qthelp = []
sphinxcontrib-serializinghtml = []
stevedore = []
tokenize-rt = []
toml = []
tomli = []
tomlkit = []
tornado = []
trove-classifiers = []
typeguard = []
typing-extensions = []
urllib3 = []
virtualenv = []
webencodings = []
xattr = []
xdoctest = []
zipp = []
