# This file is automatically @generated by Poetry 1.5.1 and should not be changed by hand.

[[package]]
name = "pyflakes"
version = "2.5.0"
description = "passive checker of Python programs"
optional = false
python-versions = ">=3.6"
files = [
    {file = "pyflakes-2.5.0-py2.py3-none-any.whl", hash = "sha256:4579f67d887f804e67edb544428f264b7b24f435b263c4614f384135cea553d2"},
    {file = "pyflakes-2.5.0.tar.gz", hash = "sha256:491feb020dca48ccc562a8c0cbe8df07ee13078df59813b83959cbdada312ea3"},
]

[metadata]
lock-version = "2.0"
python-versions = "^3.11"
content-hash = "c9879ee0d57427ce169e638ba0ae2bec1cb0658dd464c8814d98695a9257a4e7"
