[[package]]
category = "main"
description = ""
name = "poyo"
optional = false
python-versions = ">=2.7, !=3.0.*, !=3.1.*, !=3.2.*, !=3.3.*"
version = "0.5.0"

[package.source]
reference = ""
type = "url"
url = "https://github.com/hackebrot/poyo/archive/main.zip"
[metadata]
lock-version = "1.0"
python-versions = "^3.6.1"
content-hash = "2c73025fdde910832a22b5e63d7f2c3215af1ee383043188a2b2218b18d40cae"

[metadata.files]
poyo = []
