# This file is automatically @generated by Poetry 2.0.0.dev0 and should not be changed by hand.

[[package]]
name = "pyflakes"
version = "3.0.1"
description = "passive checker of Python programs"
optional = false
python-versions = ">=3.6"
files = [
    {file = "pyflakes-3.0.1-py2.py3-none-any.whl", hash = "sha256:ec55bf7fe21fff7f1ad2f7da62363d749e2a470500eab1b555334b67aa1ef8cf"},
    {file = "pyflakes-3.0.1.tar.gz", hash = "sha256:ec8b276a6b60bd80defed25add7e439881c19e64850afd9b346283d4165fd0fd"},
]

[metadata]
lock-version = "2.0"
python-versions = ">=3.7"
content-hash = "fde4426d488839cd45ad2f892640146bbbf95d4c86183effa3ed6be3e6e5d6ae"
